
Microsoft Visual Studio Solution File, Format Version 12.00
# Visual Studio Version 17
VisualStudioVersion = 17.8.34322.80
MinimumVisualStudioVersion = 10.0.40219.1
Project("{9A19103F-16F7-4668-BE54-9A1E7A4F7556}") = "CadastroDeClientes.API", "CadastroDeClientes.API\CadastroDeClientes.API.csproj", "{6A6DD52D-6650-4758-8D9A-B3BD3B8B7968}"
EndProject
Project("{9A19103F-16F7-4668-BE54-9A1E7A4F7556}") = "CadastroDeClientes.Domain", "CadastroDeClientes.Domain\CadastroDeClientes.Domain.csproj", "{008A5C8D-432D-458F-9791-09DC6C5281D5}"
EndProject
Project("{9A19103F-16F7-4668-BE54-9A1E7A4F7556}") = "CadastroDeClientes.Application", "CadastroDeClientes.Application\CadastroDeClientes.Application.csproj", "{D4D03EBA-DD1E-47A5-BE35-AD16F759B66E}"
EndProject
Project("{9A19103F-16F7-4668-BE54-9A1E7A4F7556}") = "CadastroDeClientes.Infrastructure", "CadastroDeClientes.Infrastructure\CadastroDeClientes.Infrastructure.csproj", "{8E004C0F-F1F4-4BFB-B9E7-AB99E4C04FD3}"
EndProject
Project("{FAE04EC0-301F-11D3-BF4B-00C04F79EFBC}") = "CadastroDeClientes.Presentation", "CadastroDeClientes.Presentation\CadastroDeClientes.Presentation.csproj", "{1B9F7A59-284D-4821-9811-5A04ED0CBDA1}"
EndProject
Global
	GlobalSection(SolutionConfigurationPlatforms) = preSolution
		Debug|Any CPU = Debug|Any CPU
		Release|Any CPU = Release|Any CPU
	EndGlobalSection
	GlobalSection(ProjectConfigurationPlatforms) = postSolution
		{6A6DD52D-6650-4758-8D9A-B3BD3B8B7968}.Debug|Any CPU.ActiveCfg = Debug|Any CPU
		{6A6DD52D-6650-4758-8D9A-B3BD3B8B7968}.Debug|Any CPU.Build.0 = Debug|Any CPU
		{6A6DD52D-6650-4758-8D9A-B3BD3B8B7968}.Release|Any CPU.ActiveCfg = Release|Any CPU
		{6A6DD52D-6650-4758-8D9A-B3BD3B8B7968}.Release|Any CPU.Build.0 = Release|Any CPU
		{008A5C8D-432D-458F-9791-09DC6C5281D5}.Debug|Any CPU.ActiveCfg = Debug|Any CPU
		{008A5C8D-432D-458F-9791-09DC6C5281D5}.Debug|Any CPU.Build.0 = Debug|Any CPU
		{008A5C8D-432D-458F-9791-09DC6C5281D5}.Release|Any CPU.ActiveCfg = Release|Any CPU
		{008A5C8D-432D-458F-9791-09DC6C5281D5}.Release|Any CPU.Build.0 = Release|Any CPU
		{D4D03EBA-DD1E-47A5-BE35-AD16F759B66E}.Debug|Any CPU.ActiveCfg = Debug|Any CPU
		{D4D03EBA-DD1E-47A5-BE35-AD16F759B66E}.Debug|Any CPU.Build.0 = Debug|Any CPU
		{D4D03EBA-DD1E-47A5-BE35-AD16F759B66E}.Release|Any CPU.ActiveCfg = Release|Any CPU
		{D4D03EBA-DD1E-47A5-BE35-AD16F759B66E}.Release|Any CPU.Build.0 = Release|Any CPU
		{8E004C0F-F1F4-4BFB-B9E7-AB99E4C04FD3}.Debug|Any CPU.ActiveCfg = Debug|Any CPU
		{8E004C0F-F1F4-4BFB-B9E7-AB99E4C04FD3}.Debug|Any CPU.Build.0 = Debug|Any CPU
		{8E004C0F-F1F4-4BFB-B9E7-AB99E4C04FD3}.Release|Any CPU.ActiveCfg = Release|Any CPU
		{8E004C0F-F1F4-4BFB-B9E7-AB99E4C04FD3}.Release|Any CPU.Build.0 = Release|Any CPU
		{1B9F7A59-284D-4821-9811-5A04ED0CBDA1}.Debug|Any CPU.ActiveCfg = Debug|Any CPU
		{1B9F7A59-284D-4821-9811-5A04ED0CBDA1}.Debug|Any CPU.Build.0 = Debug|Any CPU
		{1B9F7A59-284D-4821-9811-5A04ED0CBDA1}.Release|Any CPU.ActiveCfg = Release|Any CPU
		{1B9F7A59-284D-4821-9811-5A04ED0CBDA1}.Release|Any CPU.Build.0 = Release|Any CPU
	EndGlobalSection
	GlobalSection(SolutionProperties) = preSolution
		HideSolutionNode = FALSE
	EndGlobalSection
	GlobalSection(ExtensibilityGlobals) = postSolution
		SolutionGuid = {E4C595EA-737A-46F7-B70B-C5FA36FB0787}
	EndGlobalSection
EndGlobal
